// !$*UTF8*$!
{
	archiveVersion = 1;
	classes = {
	};
	objectVersion = 77;
	objects = {

/* Begin PBXBuildFile section */
		0937AD77243ED3C9F9171B0E /* icon.icns in Resources */ = {isa = PBXBuildFile; fileRef = C7F1AA7DC28AF36B7292C647 /* icon.icns */; };
		296B47878B95677598DC799B /* WindowManager.swift in Sources */ = {isa = PBXBuildFile; fileRef = D708408FCE877C3E8AF5CC73 /* WindowManager.swift */; };
		2BF8E8DAFB1D960F2DA5BAD8 /* index.html in Resources */ = {isa = PBXBuildFile; fileRef = B413609107B2EDD6211D9350 /* index.html */; };
		35EF0146C475E557F1F874D2 /* FileWatcher.swift in Sources */ = {isa = PBXBuildFile; fileRef = 2E3CC8CFD7C83675C6A139A0 /* FileWatcher.swift */; };
		494EAC99803F71C735018B27 /* renderer.js.map in Resources */ = {isa = PBXBuildFile; fileRef = AB2D2E2601C9B62201DEF3B3 /* renderer.js.map */; };
		55B2F46314DD4E6276E0620F /* mdv in Resources */ = {isa = PBXBuildFile; fileRef = 31E085FE29727446562C56BA /* mdv */; };
		6028971FDCDC82FF13C73B97 /* main.swift in Sources */ = {isa = PBXBuildFile; fileRef = 4234DDA62F91524588789642 /* main.swift */; };
		61A3680B63E453B6A206432A /* onig.wasm in Resources */ = {isa = PBXBuildFile; fileRef = 02F725766F207B8E226649D7 /* onig.wasm */; };
		7B9C2C1730331EC2E001EF80 /* renderer.js in Resources */ = {isa = PBXBuildFile; fileRef = 3AD27A96CFBA13C56ADEB4FE /* renderer.js */; };
		9816EF9A811ABADC3BF0A5F0 /* AppDelegate.swift in Sources */ = {isa = PBXBuildFile; fileRef = 3558EDEA41BFAB24695C8CD4 /* AppDelegate.swift */; };
		DB799679D55B4F614EB4C67F /* MarkdownWindowController.swift in Sources */ = {isa = PBXBuildFile; fileRef = 8EF87C3A16C54DFEB0720EBD /* MarkdownWindowController.swift */; };
		F2829301E9AD7078719DE040 /* style.css in Resources */ = {isa = PBXBuildFile; fileRef = 4F4DBB99C3337AAA4C3CBF62 /* style.css */; };
/* End PBXBuildFile section */

/* Begin PBXFileReference section */
		02F725766F207B8E226649D7 /* onig.wasm */ = {isa = PBXFileReference; path = onig.wasm; sourceTree = "<group>"; };
		2BA9677ECE546AC5A6EE9600 /* mdv.app */ = {isa = PBXFileReference; explicitFileType = wrapper.application; includeInIndex = 0; path = mdv.app; sourceTree = BUILT_PRODUCTS_DIR; };
		2D727275E19E4FB30D5B8B36 /* mdv.entitlements */ = {isa = PBXFileReference; lastKnownFileType = text.plist.entitlements; path = mdv.entitlements; sourceTree = "<group>"; };
		2E3CC8CFD7C83675C6A139A0 /* FileWatcher.swift */ = {isa = PBXFileReference; lastKnownFileType = sourcecode.swift; path = FileWatcher.swift; sourceTree = "<group>"; };
		31E085FE29727446562C56BA /* mdv */ = {isa = PBXFileReference; path = mdv; sourceTree = "<group>"; };
		3558EDEA41BFAB24695C8CD4 /* AppDelegate.swift */ = {isa = PBXFileReference; lastKnownFileType = sourcecode.swift; path = AppDelegate.swift; sourceTree = "<group>"; };
		3AD27A96CFBA13C56ADEB4FE /* renderer.js */ = {isa = PBXFileReference; lastKnownFileType = sourcecode.javascript; path = renderer.js; sourceTree = "<group>"; };
		4234DDA62F91524588789642 /* main.swift */ = {isa = PBXFileReference; lastKnownFileType = sourcecode.swift; path = main.swift; sourceTree = "<group>"; };
		4F4DBB99C3337AAA4C3CBF62 /* style.css */ = {isa = PBXFileReference; lastKnownFileType = text.css; path = style.css; sourceTree = "<group>"; };
		4F5DAB944FE72BDA7695E45D /* Info.plist */ = {isa = PBXFileReference; lastKnownFileType = text.plist; path = Info.plist; sourceTree = "<group>"; };
		8EF87C3A16C54DFEB0720EBD /* MarkdownWindowController.swift */ = {isa = PBXFileReference; lastKnownFileType = sourcecode.swift; path = MarkdownWindowController.swift; sourceTree = "<group>"; };
		AB2D2E2601C9B62201DEF3B3 /* renderer.js.map */ = {isa = PBXFileReference; lastKnownFileType = "sourcecode.module-map"; path = renderer.js.map; sourceTree = "<group>"; };
		B413609107B2EDD6211D9350 /* index.html */ = {isa = PBXFileReference; lastKnownFileType = text.html; path = index.html; sourceTree = "<group>"; };
		C7F1AA7DC28AF36B7292C647 /* icon.icns */ = {isa = PBXFileReference; lastKnownFileType = image.icns; path = icon.icns; sourceTree = "<group>"; };
		D708408FCE877C3E8AF5CC73 /* WindowManager.swift */ = {isa = PBXFileReference; lastKnownFileType = sourcecode.swift; path = WindowManager.swift; sourceTree = "<group>"; };
/* End PBXFileReference section */

/* Begin PBXGroup section */
		02EB00A23F0A6E79A6AB17C5 /* bin */ = {
			isa = PBXGroup;
			children = (
				31E085FE29727446562C56BA /* mdv */,
			);
			name = bin;
			path = resources/bin;
			sourceTree = "<group>";
		};
		0B09148D8C86E5522D151E0D /* mdv */ = {
			isa = PBXGroup;
			children = (
				3558EDEA41BFAB24695C8CD4 /* AppDelegate.swift */,
				2E3CC8CFD7C83675C6A139A0 /* FileWatcher.swift */,
				4F5DAB944FE72BDA7695E45D /* Info.plist */,
				4234DDA62F91524588789642 /* main.swift */,
				8EF87C3A16C54DFEB0720EBD /* MarkdownWindowController.swift */,
				2D727275E19E4FB30D5B8B36 /* mdv.entitlements */,
				D708408FCE877C3E8AF5CC73 /* WindowManager.swift */,
			);
			path = mdv;
			sourceTree = "<group>";
		};
		4C8193D8FC9EC4F87EA0546D /* Resources */ = {
			isa = PBXGroup;
			children = (
				C7F1AA7DC28AF36B7292C647 /* icon.icns */,
				B413609107B2EDD6211D9350 /* index.html */,
				02F725766F207B8E226649D7 /* onig.wasm */,
				3AD27A96CFBA13C56ADEB4FE /* renderer.js */,
				AB2D2E2601C9B62201DEF3B3 /* renderer.js.map */,
				4F4DBB99C3337AAA4C3CBF62 /* style.css */,
			);
			name = Resources;
			path = mdv/Resources;
			sourceTree = "<group>";
		};
		D2AA913C69CE56B8DA68079E /* Products */ = {
			isa = PBXGroup;
			children = (
				2BA9677ECE546AC5A6EE9600 /* mdv.app */,
			);
			name = Products;
			sourceTree = "<group>";
		};
		EBDE7D2607B955EF2CF8C66F = {
			isa = PBXGroup;
			children = (
				02EB00A23F0A6E79A6AB17C5 /* bin */,
				0B09148D8C86E5522D151E0D /* mdv */,
				4C8193D8FC9EC4F87EA0546D /* Resources */,
				D2AA913C69CE56B8DA68079E /* Products */,
			);
			sourceTree = "<group>";
		};
/* End PBXGroup section */

/* Begin PBXNativeTarget section */
		129184ED3AE003A40E774A59 /* mdv */ = {
			isa = PBXNativeTarget;
			buildConfigurationList = AEADA14EB851A7F2F9450DC5 /* Build configuration list for PBXNativeTarget "mdv" */;
			buildPhases = (
				0AF1687F87C4126681B3BE9C /* Build JS Bundle */,
				132F88275EF63E65E7279E59 /* Sources */,
				7475969CFEAD047DA46424D8 /* Resources */,
			);
			buildRules = (
			);
			dependencies = (
			);
			name = mdv;
			packageProductDependencies = (
			);
			productName = mdv;
			productReference = 2BA9677ECE546AC5A6EE9600 /* mdv.app */;
			productType = "com.apple.product-type.application";
		};
/* End PBXNativeTarget section */

/* Begin PBXProject section */
		E07DC41D563988590D51C805 /* Project object */ = {
			isa = PBXProject;
			attributes = {
				BuildIndependentTargetsInParallel = YES;
				LastUpgradeCheck = 1430;
				TargetAttributes = {
				};
			};
			buildConfigurationList = 5B73BCADA130711781149CA3 /* Build configuration list for PBXProject "mdv" */;
			developmentRegion = en;
			hasScannedForEncodings = 0;
			knownRegions = (
				Base,
				en,
			);
			mainGroup = EBDE7D2607B955EF2CF8C66F;
			minimizedProjectReferenceProxies = 1;
			preferredProjectObjectVersion = 77;
			productRefGroup = D2AA913C69CE56B8DA68079E /* Products */;
			projectDirPath = "";
			projectRoot = "";
			targets = (
				129184ED3AE003A40E774A59 /* mdv */,
			);
		};
/* End PBXProject section */

/* Begin PBXResourcesBuildPhase section */
		7475969CFEAD047DA46424D8 /* Resources */ = {
			isa = PBXResourcesBuildPhase;
			buildActionMask = 2147483647;
			files = (
				0937AD77243ED3C9F9171B0E /* icon.icns in Resources */,
				2BF8E8DAFB1D960F2DA5BAD8 /* index.html in Resources */,
				55B2F46314DD4E6276E0620F /* mdv in Resources */,
				61A3680B63E453B6A206432A /* onig.wasm in Resources */,
				7B9C2C1730331EC2E001EF80 /* renderer.js in Resources */,
				494EAC99803F71C735018B27 /* renderer.js.map in Resources */,
				F2829301E9AD7078719DE040 /* style.css in Resources */,
			);
			runOnlyForDeploymentPostprocessing = 0;
		};
/* End PBXResourcesBuildPhase section */

/* Begin PBXShellScriptBuildPhase section */
		0AF1687F87C4126681B3BE9C /* Build JS Bundle */ = {
			isa = PBXShellScriptBuildPhase;
			buildActionMask = 2147483647;
			files = (
			);
			inputFileListPaths = (
			);
			inputPaths = (
				"$(SRCROOT)/js/renderer.ts",
				"$(SRCROOT)/js/markdown.ts",
			);
			name = "Build JS Bundle";
			outputFileListPaths = (
			);
			outputPaths = (
				"$(SRCROOT)/mdv/Resources/renderer.js",
			);
			runOnlyForDeploymentPostprocessing = 0;
			shellPath = /bin/sh;
			shellScript = "cd \"$SRCROOT\"\nif command -v npm &> /dev/null; then\n  npm run build:js\nfi\n";
		};
/* End PBXShellScriptBuildPhase section */

/* Begin PBXSourcesBuildPhase section */
		132F88275EF63E65E7279E59 /* Sources */ = {
			isa = PBXSourcesBuildPhase;
			buildActionMask = 2147483647;
			files = (
				9816EF9A811ABADC3BF0A5F0 /* AppDelegate.swift in Sources */,
				35EF0146C475E557F1F874D2 /* FileWatcher.swift in Sources */,
				DB799679D55B4F614EB4C67F /* MarkdownWindowController.swift in Sources */,
				296B47878B95677598DC799B /* WindowManager.swift in Sources */,
				6028971FDCDC82FF13C73B97 /* main.swift in Sources */,
			);
			runOnlyForDeploymentPostprocessing = 0;
		};
/* End PBXSourcesBuildPhase section */

/* Begin XCBuildConfiguration section */
		0C0AD913917A91D0C20B3D14 /* Release */ = {
			isa = XCBuildConfiguration;
			buildSettings = {
				ALWAYS_SEARCH_USER_PATHS = NO;
				CLANG_ANALYZER_NONNULL = YES;
				CLANG_ANALYZER_NUMBER_OBJECT_CONVERSION = YES_AGGRESSIVE;
				CLANG_CXX_LANGUAGE_STANDARD = "gnu++14";
				CLANG_CXX_LIBRARY = "libc++";
				CLANG_ENABLE_MODULES = YES;
				CLANG_ENABLE_OBJC_ARC = YES;
				CLANG_ENABLE_OBJC_WEAK = YES;
				CLANG_WARN_BLOCK_CAPTURE_AUTORELEASING = YES;
				CLANG_WARN_BOOL_CONVERSION = YES;
				CLANG_WARN_COMMA = YES;
				CLANG_WARN_CONSTANT_CONVERSION = YES;
				CLANG_WARN_DEPRECATED_OBJC_IMPLEMENTATIONS = YES;
				CLANG_WARN_DIRECT_OBJC_ISA_USAGE = YES_ERROR;
				CLANG_WARN_DOCUMENTATION_COMMENTS = YES;
				CLANG_WARN_EMPTY_BODY = YES;
				CLANG_WARN_ENUM_CONVERSION = YES;
				CLANG_WARN_INFINITE_RECURSION = YES;
				CLANG_WARN_INT_CONVERSION = YES;
				CLANG_WARN_NON_LITERAL_NULL_CONVERSION = YES;
				CLANG_WARN_OBJC_IMPLICIT_RETAIN_SELF = YES;
				CLANG_WARN_OBJC_LITERAL_CONVERSION = YES;
				CLANG_WARN_OBJC_ROOT_CLASS = YES_ERROR;
				CLANG_WARN_QUOTED_INCLUDE_IN_FRAMEWORK_HEADER = YES;
				CLANG_WARN_RANGE_LOOP_ANALYSIS = YES;
				CLANG_WARN_STRICT_PROTOTYPES = YES;
				CLANG_WARN_SUSPICIOUS_MOVE = YES;
				CLANG_WARN_UNGUARDED_AVAILABILITY = YES_AGGRESSIVE;
				CLANG_WARN_UNREACHABLE_CODE = YES;
				CLANG_WARN__DUPLICATE_METHOD_MATCH = YES;
				COPY_PHASE_STRIP = NO;
				DEBUG_INFORMATION_FORMAT = "dwarf-with-dsym";
				ENABLE_NS_ASSERTIONS = NO;
				ENABLE_STRICT_OBJC_MSGSEND = YES;
				GCC_C_LANGUAGE_STANDARD = gnu11;
				GCC_NO_COMMON_BLOCKS = YES;
				GCC_WARN_64_TO_32_BIT_CONVERSION = YES;
				GCC_WARN_ABOUT_RETURN_TYPE = YES_ERROR;
				GCC_WARN_UNDECLARED_SELECTOR = YES;
				GCC_WARN_UNINITIALIZED_AUTOS = YES_AGGRESSIVE;
				GCC_WARN_UNUSED_FUNCTION = YES;
				GCC_WARN_UNUSED_VARIABLE = YES;
				MACOSX_DEPLOYMENT_TARGET = 14.0;
				MTL_ENABLE_DEBUG_INFO = NO;
				MTL_FAST_MATH = YES;
				PRODUCT_NAME = "$(TARGET_NAME)";
				SDKROOT = macosx;
				SWIFT_COMPILATION_MODE = wholemodule;
				SWIFT_OPTIMIZATION_LEVEL = "-O";
				SWIFT_VERSION = 5.0;
			};
			name = Release;
		};
		96ADC04803E1EDEEBAA1EA28 /* Debug */ = {
			isa = XCBuildConfiguration;
			buildSettings = {
				ASSETCATALOG_COMPILER_APPICON_NAME = AppIcon;
				CODE_SIGN_ENTITLEMENTS = mdv/mdv.entitlements;
				CODE_SIGN_IDENTITY = "-";
				COMBINE_HIDPI_IMAGES = YES;
				INFOPLIST_FILE = mdv/Info.plist;
				LD_RUNPATH_SEARCH_PATHS = (
					"$(inherited)",
					"@executable_path/../Frameworks",
				);
				MACOSX_DEPLOYMENT_TARGET = 14.0;
				PRODUCT_BUNDLE_IDENTIFIER = com.negipo.mdv;
				PRODUCT_NAME = mdv;
				SDKROOT = macosx;
				SWIFT_VERSION = 5.9;
			};
			name = Debug;
		};
		9BF9C6E933C8360ECC50EE61 /* Debug */ = {
			isa = XCBuildConfiguration;
			buildSettings = {
				ALWAYS_SEARCH_USER_PATHS = NO;
				CLANG_ANALYZER_NONNULL = YES;
				CLANG_ANALYZER_NUMBER_OBJECT_CONVERSION = YES_AGGRESSIVE;
				CLANG_CXX_LANGUAGE_STANDARD = "gnu++14";
				CLANG_CXX_LIBRARY = "libc++";
				CLANG_ENABLE_MODULES = YES;
				CLANG_ENABLE_OBJC_ARC = YES;
				CLANG_ENABLE_OBJC_WEAK = YES;
				CLANG_WARN_BLOCK_CAPTURE_AUTORELEASING = YES;
				CLANG_WARN_BOOL_CONVERSION = YES;
				CLANG_WARN_COMMA = YES;
				CLANG_WARN_CONSTANT_CONVERSION = YES;
				CLANG_WARN_DEPRECATED_OBJC_IMPLEMENTATIONS = YES;
				CLANG_WARN_DIRECT_OBJC_ISA_USAGE = YES_ERROR;
				CLANG_WARN_DOCUMENTATION_COMMENTS = YES;
				CLANG_WARN_EMPTY_BODY = YES;
				CLANG_WARN_ENUM_CONVERSION = YES;
				CLANG_WARN_INFINITE_RECURSION = YES;
				CLANG_WARN_INT_CONVERSION = YES;
				CLANG_WARN_NON_LITERAL_NULL_CONVERSION = YES;
				CLANG_WARN_OBJC_IMPLICIT_RETAIN_SELF = YES;
				CLANG_WARN_OBJC_LITERAL_CONVERSION = YES;
				CLANG_WARN_OBJC_ROOT_CLASS = YES_ERROR;
				CLANG_WARN_QUOTED_INCLUDE_IN_FRAMEWORK_HEADER = YES;
				CLANG_WARN_RANGE_LOOP_ANALYSIS = YES;
				CLANG_WARN_STRICT_PROTOTYPES = YES;
				CLANG_WARN_SUSPICIOUS_MOVE = YES;
				CLANG_WARN_UNGUARDED_AVAILABILITY = YES_AGGRESSIVE;
				CLANG_WARN_UNREACHABLE_CODE = YES;
				CLANG_WARN__DUPLICATE_METHOD_MATCH = YES;
				COPY_PHASE_STRIP = NO;
				DEBUG_INFORMATION_FORMAT = dwarf;
				ENABLE_STRICT_OBJC_MSGSEND = YES;
				ENABLE_TESTABILITY = YES;
				GCC_C_LANGUAGE_STANDARD = gnu11;
				GCC_DYNAMIC_NO_PIC = NO;
				GCC_NO_COMMON_BLOCKS = YES;
				GCC_OPTIMIZATION_LEVEL = 0;
				GCC_PREPROCESSOR_DEFINITIONS = (
					"$(inherited)",
					"DEBUG=1",
				);
				GCC_WARN_64_TO_32_BIT_CONVERSION = YES;
				GCC_WARN_ABOUT_RETURN_TYPE = YES_ERROR;
				GCC_WARN_UNDECLARED_SELECTOR = YES;
				GCC_WARN_UNINITIALIZED_AUTOS = YES_AGGRESSIVE;
				GCC_WARN_UNUSED_FUNCTION = YES;
				GCC_WARN_UNUSED_VARIABLE = YES;
				MACOSX_DEPLOYMENT_TARGET = 14.0;
				MTL_ENABLE_DEBUG_INFO = INCLUDE_SOURCE;
				MTL_FAST_MATH = YES;
				ONLY_ACTIVE_ARCH = YES;
				PRODUCT_NAME = "$(TARGET_NAME)";
				SDKROOT = macosx;
				SWIFT_ACTIVE_COMPILATION_CONDITIONS = DEBUG;
				SWIFT_OPTIMIZATION_LEVEL = "-Onone";
				SWIFT_VERSION = 5.0;
			};
			name = Debug;
		};
		C6B27AC710073B67892166C1 /* Release */ = {
			isa = XCBuildConfiguration;
			buildSettings = {
				ASSETCATALOG_COMPILER_APPICON_NAME = AppIcon;
				CODE_SIGN_ENTITLEMENTS = mdv/mdv.entitlements;
				CODE_SIGN_IDENTITY = "-";
				COMBINE_HIDPI_IMAGES = YES;
				INFOPLIST_FILE = mdv/Info.plist;
				LD_RUNPATH_SEARCH_PATHS = (
					"$(inherited)",
					"@executable_path/../Frameworks",
				);
				MACOSX_DEPLOYMENT_TARGET = 14.0;
				PRODUCT_BUNDLE_IDENTIFIER = com.negipo.mdv;
				PRODUCT_NAME = mdv;
				SDKROOT = macosx;
				SWIFT_VERSION = 5.9;
			};
			name = Release;
		};
/* End XCBuildConfiguration section */

/* Begin XCConfigurationList section */
		5B73BCADA130711781149CA3 /* Build configuration list for PBXProject "mdv" */ = {
			isa = XCConfigurationList;
			buildConfigurations = (
				9BF9C6E933C8360ECC50EE61 /* Debug */,
				0C0AD913917A91D0C20B3D14 /* Release */,
			);
			defaultConfigurationIsVisible = 0;
			defaultConfigurationName = Debug;
		};
		AEADA14EB851A7F2F9450DC5 /* Build configuration list for PBXNativeTarget "mdv" */ = {
			isa = XCConfigurationList;
			buildConfigurations = (
				96ADC04803E1EDEEBAA1EA28 /* Debug */,
				C6B27AC710073B67892166C1 /* Release */,
			);
			defaultConfigurationIsVisible = 0;
			defaultConfigurationName = Debug;
		};
/* End XCConfigurationList section */
	};
	rootObject = E07DC41D563988590D51C805 /* Project object */;
}
